
Microsoft Visual Studio Solution File, Format Version 12.00
# Visual Studio Version 17
VisualStudioVersion = 17.1.32421.90
MinimumVisualStudioVersion = 10.0.40219.1
Project("{FAE04EC0-301F-11D3-BF4B-00C04F79EFBC}") = "i18nEx Script Writer", "i18nEx Script Writer\i18nEx Script Writer.csproj", "{23952CBB-EC94-4ACC-8209-643096C26AE3}"
EndProject
Global
	GlobalSection(SolutionConfigurationPlatforms) = preSolution
		Debug|Any CPU = Debug|Any CPU
		Release|Any CPU = Release|Any CPU
	EndGlobalSection
	GlobalSection(ProjectConfigurationPlatforms) = postSolution
		{23952CBB-EC94-4ACC-8209-643096C26AE3}.Debug|Any CPU.ActiveCfg = Debug|Any CPU
		{23952CBB-EC94-4ACC-8209-643096C26AE3}.Debug|Any CPU.Build.0 = Debug|Any CPU
		{23952CBB-EC94-4ACC-8209-643096C26AE3}.Release|Any CPU.ActiveCfg = Release|Any CPU
		{23952CBB-EC94-4ACC-8209-643096C26AE3}.Release|Any CPU.Build.0 = Release|Any CPU
	EndGlobalSection
	GlobalSection(SolutionProperties) = preSolution
		HideSolutionNode = FALSE
	EndGlobalSection
	GlobalSection(ExtensibilityGlobals) = postSolution
		SolutionGuid = {2EAB4E0E-6F2A-451F-A1D1-2304FF818B69}
	EndGlobalSection
EndGlobal
